// !$*UTF8*$!
{
	archiveVersion = 1;
	classes = {
	};
	objectVersion = 56;
	objects = {

/* Begin PBXBuildFile section */
		3715DA872A986AB8008AFD0F /* Utils.swift in Sources */ = {isa = PBXBuildFile; fileRef = 3715DA862A986AB8008AFD0F /* Utils.swift */; };
		3715DA892A988697008AFD0F /* APIHandler.swift in Sources */ = {isa = PBXBuildFile; fileRef = 3715DA882A988697008AFD0F /* APIHandler.swift */; };
		3715DA8B2A98C6A0008AFD0F /* NetworkConnectionHandler.swift in Sources */ = {isa = PBXBuildFile; fileRef = 3715DA8A2A98C6A0008AFD0F /* NetworkConnectionHandler.swift */; };
		3769E6642A9F36640066E4E1 /* HomeDashboardViewController.swift in Sources */ = {isa = PBXBuildFile; fileRef = 3769E6632A9F36640066E4E1 /* HomeDashboardViewController.swift */; };
		3769E6672A9F48EC0066E4E1 /* TitleTableViewCell.swift in Sources */ = {isa = PBXBuildFile; fileRef = 3769E6652A9F48EC0066E4E1 /* TitleTableViewCell.swift */; };
		3769E6682A9F48EC0066E4E1 /* TitleTableViewCell.xib in Resources */ = {isa = PBXBuildFile; fileRef = 3769E6662A9F48EC0066E4E1 /* TitleTableViewCell.xib */; };
		3769E66B2A9F4B4C0066E4E1 /* LiveNewsContentTableViewCell.swift in Sources */ = {isa = PBXBuildFile; fileRef = 3769E6692A9F4B4C0066E4E1 /* LiveNewsContentTableViewCell.swift */; };
		3769E66C2A9F4B4C0066E4E1 /* LiveNewsContentTableViewCell.xib in Resources */ = {isa = PBXBuildFile; fileRef = 3769E66A2A9F4B4C0066E4E1 /* LiveNewsContentTableViewCell.xib */; };
		3769E66F2A9F4C600066E4E1 /* SingleNewsCollectionViewCell.swift in Sources */ = {isa = PBXBuildFile; fileRef = 3769E66D2A9F4C600066E4E1 /* SingleNewsCollectionViewCell.swift */; };
		3769E6702A9F4C600066E4E1 /* SingleNewsCollectionViewCell.xib in Resources */ = {isa = PBXBuildFile; fileRef = 3769E66E2A9F4C600066E4E1 /* SingleNewsCollectionViewCell.xib */; };
		376EE1F02A94B4A9000611A9 /* AppDelegate.swift in Sources */ = {isa = PBXBuildFile; fileRef = 376EE1EF2A94B4A9000611A9 /* AppDelegate.swift */; };
		376EE1F22A94B4A9000611A9 /* SceneDelegate.swift in Sources */ = {isa = PBXBuildFile; fileRef = 376EE1F12A94B4A9000611A9 /* SceneDelegate.swift */; };
		376EE1F42A94B4A9000611A9 /* ViewController.swift in Sources */ = {isa = PBXBuildFile; fileRef = 376EE1F32A94B4A9000611A9 /* ViewController.swift */; };
		376EE1F72A94B4A9000611A9 /* Main.storyboard in Resources */ = {isa = PBXBuildFile; fileRef = 376EE1F52A94B4A9000611A9 /* Main.storyboard */; };
		376EE1F92A94B4A9000611A9 /* Assets.xcassets in Resources */ = {isa = PBXBuildFile; fileRef = 376EE1F82A94B4A9000611A9 /* Assets.xcassets */; };
		376EE1FC2A94B4A9000611A9 /* LaunchScreen.storyboard in Resources */ = {isa = PBXBuildFile; fileRef = 376EE1FA2A94B4A9000611A9 /* LaunchScreen.storyboard */; };
		376EE2072A94B4A9000611A9 /* DeskNewsTests.swift in Sources */ = {isa = PBXBuildFile; fileRef = 376EE2062A94B4A9000611A9 /* DeskNewsTests.swift */; };
		376EE2112A94B4A9000611A9 /* DeskNewsUITests.swift in Sources */ = {isa = PBXBuildFile; fileRef = 376EE2102A94B4A9000611A9 /* DeskNewsUITests.swift */; };
		376EE2132A94B4AA000611A9 /* DeskNewsUITestsLaunchTests.swift in Sources */ = {isa = PBXBuildFile; fileRef = 376EE2122A94B4AA000611A9 /* DeskNewsUITestsLaunchTests.swift */; };
		3787E9312A95F94100592C93 /* APIConstants.swift in Sources */ = {isa = PBXBuildFile; fileRef = 3787E9302A95F94100592C93 /* APIConstants.swift */; };
		3787E9332A95F96400592C93 /* DashboardViewModel.swift in Sources */ = {isa = PBXBuildFile; fileRef = 3787E9322A95F96400592C93 /* DashboardViewModel.swift */; };
		3787E9352A95F98500592C93 /* DashboardModel.swift in Sources */ = {isa = PBXBuildFile; fileRef = 3787E9342A95F98500592C93 /* DashboardModel.swift */; };
		3787E93D2A96065E00592C93 /* NewsOfTheDayFeedTableViewCell.swift in Sources */ = {isa = PBXBuildFile; fileRef = 3787E93B2A96065E00592C93 /* NewsOfTheDayFeedTableViewCell.swift */; };
		3787E93E2A96065E00592C93 /* NewsOfTheDayFeedTableViewCell.xib in Resources */ = {isa = PBXBuildFile; fileRef = 3787E93C2A96065E00592C93 /* NewsOfTheDayFeedTableViewCell.xib */; };
		379BBFF32A9779560066788F /* ExtensionConstants.swift in Sources */ = {isa = PBXBuildFile; fileRef = 379BBFF22A9779560066788F /* ExtensionConstants.swift */; };
		37B6A6552A94C025007314F7 /* AppConstant.swift in Sources */ = {isa = PBXBuildFile; fileRef = 37B6A6542A94C025007314F7 /* AppConstant.swift */; };
		37B6A6572A94E3A7007314F7 /* DashboardViewController.swift in Sources */ = {isa = PBXBuildFile; fileRef = 37B6A6562A94E3A7007314F7 /* DashboardViewController.swift */; };
/* End PBXBuildFile section */

/* Begin PBXContainerItemProxy section */
		376EE2032A94B4A9000611A9 /* PBXContainerItemProxy */ = {
			isa = PBXContainerItemProxy;
			containerPortal = 376EE1E42A94B4A9000611A9 /* Project object */;
			proxyType = 1;
			remoteGlobalIDString = 376EE1EB2A94B4A9000611A9;
			remoteInfo = DeskNews;
		};
		376EE20D2A94B4A9000611A9 /* PBXContainerItemProxy */ = {
			isa = PBXContainerItemProxy;
			containerPortal = 376EE1E42A94B4A9000611A9 /* Project object */;
			proxyType = 1;
			remoteGlobalIDString = 376EE1EB2A94B4A9000611A9;
			remoteInfo = DeskNews;
		};
/* End PBXContainerItemProxy section */

/* Begin PBXFileReference section */
		3715DA862A986AB8008AFD0F /* Utils.swift */ = {isa = PBXFileReference; lastKnownFileType = sourcecode.swift; path = Utils.swift; sourceTree = "<group>"; };
		3715DA882A988697008AFD0F /* APIHandler.swift */ = {isa = PBXFileReference; lastKnownFileType = sourcecode.swift; path = APIHandler.swift; sourceTree = "<group>"; };
		3715DA8A2A98C6A0008AFD0F /* NetworkConnectionHandler.swift */ = {isa = PBXFileReference; lastKnownFileType = sourcecode.swift; path = NetworkConnectionHandler.swift; sourceTree = "<group>"; };
		3769E6632A9F36640066E4E1 /* HomeDashboardViewController.swift */ = {isa = PBXFileReference; lastKnownFileType = sourcecode.swift; path = HomeDashboardViewController.swift; sourceTree = "<group>"; };
		3769E6652A9F48EC0066E4E1 /* TitleTableViewCell.swift */ = {isa = PBXFileReference; lastKnownFileType = sourcecode.swift; path = TitleTableViewCell.swift; sourceTree = "<group>"; };
		3769E6662A9F48EC0066E4E1 /* TitleTableViewCell.xib */ = {isa = PBXFileReference; lastKnownFileType = file.xib; path = TitleTableViewCell.xib; sourceTree = "<group>"; };
		3769E6692A9F4B4C0066E4E1 /* LiveNewsContentTableViewCell.swift */ = {isa = PBXFileReference; lastKnownFileType = sourcecode.swift; path = LiveNewsContentTableViewCell.swift; sourceTree = "<group>"; };
		3769E66A2A9F4B4C0066E4E1 /* LiveNewsContentTableViewCell.xib */ = {isa = PBXFileReference; lastKnownFileType = file.xib; path = LiveNewsContentTableViewCell.xib; sourceTree = "<group>"; };
		3769E66D2A9F4C600066E4E1 /* SingleNewsCollectionViewCell.swift */ = {isa = PBXFileReference; lastKnownFileType = sourcecode.swift; path = SingleNewsCollectionViewCell.swift; sourceTree = "<group>"; };
		3769E66E2A9F4C600066E4E1 /* SingleNewsCollectionViewCell.xib */ = {isa = PBXFileReference; lastKnownFileType = file.xib; path = SingleNewsCollectionViewCell.xib; sourceTree = "<group>"; };
		376EE1EC2A94B4A9000611A9 /* DeskNews.app */ = {isa = PBXFileReference; explicitFileType = wrapper.application; includeInIndex = 0; path = DeskNews.app; sourceTree = BUILT_PRODUCTS_DIR; };
		376EE1EF2A94B4A9000611A9 /* AppDelegate.swift */ = {isa = PBXFileReference; lastKnownFileType = sourcecode.swift; path = AppDelegate.swift; sourceTree = "<group>"; };
		376EE1F12A94B4A9000611A9 /* SceneDelegate.swift */ = {isa = PBXFileReference; lastKnownFileType = sourcecode.swift; path = SceneDelegate.swift; sourceTree = "<group>"; };
		376EE1F32A94B4A9000611A9 /* ViewController.swift */ = {isa = PBXFileReference; lastKnownFileType = sourcecode.swift; path = ViewController.swift; sourceTree = "<group>"; };
		376EE1F62A94B4A9000611A9 /* Base */ = {isa = PBXFileReference; lastKnownFileType = file.storyboard; name = Base; path = Base.lproj/Main.storyboard; sourceTree = "<group>"; };
		376EE1F82A94B4A9000611A9 /* Assets.xcassets */ = {isa = PBXFileReference; lastKnownFileType = folder.assetcatalog; path = Assets.xcassets; sourceTree = "<group>"; };
		376EE1FB2A94B4A9000611A9 /* Base */ = {isa = PBXFileReference; lastKnownFileType = file.storyboard; name = Base; path = Base.lproj/LaunchScreen.storyboard; sourceTree = "<group>"; };
		376EE1FD2A94B4A9000611A9 /* Info.plist */ = {isa = PBXFileReference; lastKnownFileType = text.plist.xml; path = Info.plist; sourceTree = "<group>"; };
		376EE2022A94B4A9000611A9 /* DeskNewsTests.xctest */ = {isa = PBXFileReference; explicitFileType = wrapper.cfbundle; includeInIndex = 0; path = DeskNewsTests.xctest; sourceTree = BUILT_PRODUCTS_DIR; };
		376EE2062A94B4A9000611A9 /* DeskNewsTests.swift */ = {isa = PBXFileReference; lastKnownFileType = sourcecode.swift; path = DeskNewsTests.swift; sourceTree = "<group>"; };
		376EE20C2A94B4A9000611A9 /* DeskNewsUITests.xctest */ = {isa = PBXFileReference; explicitFileType = wrapper.cfbundle; includeInIndex = 0; path = DeskNewsUITests.xctest; sourceTree = BUILT_PRODUCTS_DIR; };
		376EE2102A94B4A9000611A9 /* DeskNewsUITests.swift */ = {isa = PBXFileReference; lastKnownFileType = sourcecode.swift; path = DeskNewsUITests.swift; sourceTree = "<group>"; };
		376EE2122A94B4AA000611A9 /* DeskNewsUITestsLaunchTests.swift */ = {isa = PBXFileReference; lastKnownFileType = sourcecode.swift; path = DeskNewsUITestsLaunchTests.swift; sourceTree = "<group>"; };
		3787E9302A95F94100592C93 /* APIConstants.swift */ = {isa = PBXFileReference; lastKnownFileType = sourcecode.swift; path = APIConstants.swift; sourceTree = "<group>"; };
		3787E9322A95F96400592C93 /* DashboardViewModel.swift */ = {isa = PBXFileReference; lastKnownFileType = sourcecode.swift; path = DashboardViewModel.swift; sourceTree = "<group>"; };
		3787E9342A95F98500592C93 /* DashboardModel.swift */ = {isa = PBXFileReference; lastKnownFileType = sourcecode.swift; path = DashboardModel.swift; sourceTree = "<group>"; };
		3787E93B2A96065E00592C93 /* NewsOfTheDayFeedTableViewCell.swift */ = {isa = PBXFileReference; lastKnownFileType = sourcecode.swift; path = NewsOfTheDayFeedTableViewCell.swift; sourceTree = "<group>"; };
		3787E93C2A96065E00592C93 /* NewsOfTheDayFeedTableViewCell.xib */ = {isa = PBXFileReference; lastKnownFileType = file.xib; path = NewsOfTheDayFeedTableViewCell.xib; sourceTree = "<group>"; };
		379BBFF22A9779560066788F /* ExtensionConstants.swift */ = {isa = PBXFileReference; lastKnownFileType = sourcecode.swift; path = ExtensionConstants.swift; sourceTree = "<group>"; };
		37B6A6542A94C025007314F7 /* AppConstant.swift */ = {isa = PBXFileReference; lastKnownFileType = sourcecode.swift; path = AppConstant.swift; sourceTree = "<group>"; };
		37B6A6562A94E3A7007314F7 /* DashboardViewController.swift */ = {isa = PBXFileReference; lastKnownFileType = sourcecode.swift; path = DashboardViewController.swift; sourceTree = "<group>"; };
/* End PBXFileReference section */

/* Begin PBXFrameworksBuildPhase section */
		376EE1E92A94B4A9000611A9 /* Frameworks */ = {
			isa = PBXFrameworksBuildPhase;
			buildActionMask = 2147483647;
			files = (
			);
			runOnlyForDeploymentPostprocessing = 0;
		};
		376EE1FF2A94B4A9000611A9 /* Frameworks */ = {
			isa = PBXFrameworksBuildPhase;
			buildActionMask = 2147483647;
			files = (
			);
			runOnlyForDeploymentPostprocessing = 0;
		};
		376EE2092A94B4A9000611A9 /* Frameworks */ = {
			isa = PBXFrameworksBuildPhase;
			buildActionMask = 2147483647;
			files = (
			);
			runOnlyForDeploymentPostprocessing = 0;
		};
/* End PBXFrameworksBuildPhase section */

/* Begin PBXGroup section */
		376EE1E32A94B4A9000611A9 = {
			isa = PBXGroup;
			children = (
				376EE1EE2A94B4A9000611A9 /* DeskNews */,
				376EE2052A94B4A9000611A9 /* DeskNewsTests */,
				376EE20F2A94B4A9000611A9 /* DeskNewsUITests */,
				376EE1ED2A94B4A9000611A9 /* Products */,
			);
			sourceTree = "<group>";
		};
		376EE1ED2A94B4A9000611A9 /* Products */ = {
			isa = PBXGroup;
			children = (
				376EE1EC2A94B4A9000611A9 /* DeskNews.app */,
				376EE2022A94B4A9000611A9 /* DeskNewsTests.xctest */,
				376EE20C2A94B4A9000611A9 /* DeskNewsUITests.xctest */,
			);
			name = Products;
			sourceTree = "<group>";
		};
		376EE1EE2A94B4A9000611A9 /* DeskNews */ = {
			isa = PBXGroup;
			children = (
				377537D62A962D7D0030B863 /* General */,
				37B6A6582A94E3CF007314F7 /* Model */,
				377537D52A962D0F0030B863 /* View */,
				37B6A65A2A94E3DF007314F7 /* View Model */,
				37B6A6592A94E3DA007314F7 /* Controller */,
				37B6A65B2A94E3E8007314F7 /* API Handler */,
				377537D82A962E310030B863 /* Utils */,
				37B6A65D2A94E508007314F7 /* Constants */,
				377537D72A962D9C0030B863 /* Resource */,
				376EE1FD2A94B4A9000611A9 /* Info.plist */,
			);
			path = DeskNews;
			sourceTree = "<group>";
		};
		376EE2052A94B4A9000611A9 /* DeskNewsTests */ = {
			isa = PBXGroup;
			children = (
				376EE2062A94B4A9000611A9 /* DeskNewsTests.swift */,
			);
			path = DeskNewsTests;
			sourceTree = "<group>";
		};
		376EE20F2A94B4A9000611A9 /* DeskNewsUITests */ = {
			isa = PBXGroup;
			children = (
				376EE2102A94B4A9000611A9 /* DeskNewsUITests.swift */,
				376EE2122A94B4AA000611A9 /* DeskNewsUITestsLaunchTests.swift */,
			);
			path = DeskNewsUITests;
			sourceTree = "<group>";
		};
		377537D52A962D0F0030B863 /* View */ = {
			isa = PBXGroup;
			children = (
				376EE1FA2A94B4A9000611A9 /* LaunchScreen.storyboard */,
				376EE1F52A94B4A9000611A9 /* Main.storyboard */,
				3787E9362A96061E00592C93 /* Xib's */,
			);
			path = View;
			sourceTree = "<group>";
		};
		377537D62A962D7D0030B863 /* General */ = {
			isa = PBXGroup;
			children = (
				376EE1F12A94B4A9000611A9 /* SceneDelegate.swift */,
				376EE1EF2A94B4A9000611A9 /* AppDelegate.swift */,
			);
			path = General;
			sourceTree = "<group>";
		};
		377537D72A962D9C0030B863 /* Resource */ = {
			isa = PBXGroup;
			children = (
				376EE1F82A94B4A9000611A9 /* Assets.xcassets */,
			);
			path = Resource;
			sourceTree = "<group>";
		};
		377537D82A962E310030B863 /* Utils */ = {
			isa = PBXGroup;
			children = (
				3715DA862A986AB8008AFD0F /* Utils.swift */,
				3715DA8A2A98C6A0008AFD0F /* NetworkConnectionHandler.swift */,
			);
			path = Utils;
			sourceTree = "<group>";
		};
		3787E9362A96061E00592C93 /* Xib's */ = {
			isa = PBXGroup;
			children = (
				3787E93B2A96065E00592C93 /* NewsOfTheDayFeedTableViewCell.swift */,
				3787E93C2A96065E00592C93 /* NewsOfTheDayFeedTableViewCell.xib */,
				3769E6652A9F48EC0066E4E1 /* TitleTableViewCell.swift */,
				3769E6662A9F48EC0066E4E1 /* TitleTableViewCell.xib */,
				3769E6692A9F4B4C0066E4E1 /* LiveNewsContentTableViewCell.swift */,
				3769E66A2A9F4B4C0066E4E1 /* LiveNewsContentTableViewCell.xib */,
				3769E66D2A9F4C600066E4E1 /* SingleNewsCollectionViewCell.swift */,
				3769E66E2A9F4C600066E4E1 /* SingleNewsCollectionViewCell.xib */,
			);
			path = "Xib's";
			sourceTree = "<group>";
		};
		37B6A6582A94E3CF007314F7 /* Model */ = {
			isa = PBXGroup;
			children = (
				3787E9342A95F98500592C93 /* DashboardModel.swift */,
			);
			path = Model;
			sourceTree = "<group>";
		};
		37B6A6592A94E3DA007314F7 /* Controller */ = {
			isa = PBXGroup;
			children = (
				376EE1F32A94B4A9000611A9 /* ViewController.swift */,
				37B6A6562A94E3A7007314F7 /* DashboardViewController.swift */,
				3769E6632A9F36640066E4E1 /* HomeDashboardViewController.swift */,
			);
			path = Controller;
			sourceTree = "<group>";
		};
		37B6A65A2A94E3DF007314F7 /* View Model */ = {
			isa = PBXGroup;
			children = (
				3787E9322A95F96400592C93 /* DashboardViewModel.swift */,
			);
			path = "View Model";
			sourceTree = "<group>";
		};
		37B6A65B2A94E3E8007314F7 /* API Handler */ = {
			isa = PBXGroup;
			children = (
				3715DA882A988697008AFD0F /* APIHandler.swift */,
			);
			path = "API Handler";
			sourceTree = "<group>";
		};
		37B6A65D2A94E508007314F7 /* Constants */ = {
			isa = PBXGroup;
			children = (
				37B6A6542A94C025007314F7 /* AppConstant.swift */,
				3787E9302A95F94100592C93 /* APIConstants.swift */,
				379BBFF22A9779560066788F /* ExtensionConstants.swift */,
			);
			path = Constants;
			sourceTree = "<group>";
		};
/* End PBXGroup section */

/* Begin PBXNativeTarget section */
		376EE1EB2A94B4A9000611A9 /* DeskNews */ = {
			isa = PBXNativeTarget;
			buildConfigurationList = 376EE2162A94B4AA000611A9 /* Build configuration list for PBXNativeTarget "DeskNews" */;
			buildPhases = (
				376EE1E82A94B4A9000611A9 /* Sources */,
				376EE1E92A94B4A9000611A9 /* Frameworks */,
				376EE1EA2A94B4A9000611A9 /* Resources */,
			);
			buildRules = (
			);
			dependencies = (
			);
			name = DeskNews;
			productName = DeskNews;
			productReference = 376EE1EC2A94B4A9000611A9 /* DeskNews.app */;
			productType = "com.apple.product-type.application";
		};
		376EE2012A94B4A9000611A9 /* DeskNewsTests */ = {
			isa = PBXNativeTarget;
			buildConfigurationList = 376EE2192A94B4AA000611A9 /* Build configuration list for PBXNativeTarget "DeskNewsTests" */;
			buildPhases = (
				376EE1FE2A94B4A9000611A9 /* Sources */,
				376EE1FF2A94B4A9000611A9 /* Frameworks */,
				376EE2002A94B4A9000611A9 /* Resources */,
			);
			buildRules = (
			);
			dependencies = (
				376EE2042A94B4A9000611A9 /* PBXTargetDependency */,
			);
			name = DeskNewsTests;
			productName = DeskNewsTests;
			productReference = 376EE2022A94B4A9000611A9 /* DeskNewsTests.xctest */;
			productType = "com.apple.product-type.bundle.unit-test";
		};
		376EE20B2A94B4A9000611A9 /* DeskNewsUITests */ = {
			isa = PBXNativeTarget;
			buildConfigurationList = 376EE21C2A94B4AA000611A9 /* Build configuration list for PBXNativeTarget "DeskNewsUITests" */;
			buildPhases = (
				376EE2082A94B4A9000611A9 /* Sources */,
				376EE2092A94B4A9000611A9 /* Frameworks */,
				376EE20A2A94B4A9000611A9 /* Resources */,
			);
			buildRules = (
			);
			dependencies = (
				376EE20E2A94B4A9000611A9 /* PBXTargetDependency */,
			);
			name = DeskNewsUITests;
			productName = DeskNewsUITests;
			productReference = 376EE20C2A94B4A9000611A9 /* DeskNewsUITests.xctest */;
			productType = "com.apple.product-type.bundle.ui-testing";
		};
/* End PBXNativeTarget section */

/* Begin PBXProject section */
		376EE1E42A94B4A9000611A9 /* Project object */ = {
			isa = PBXProject;
			attributes = {
				BuildIndependentTargetsInParallel = 1;
				LastSwiftUpdateCheck = 1430;
				LastUpgradeCheck = 1430;
				TargetAttributes = {
					376EE1EB2A94B4A9000611A9 = {
						CreatedOnToolsVersion = 14.3.1;
					};
					376EE2012A94B4A9000611A9 = {
						CreatedOnToolsVersion = 14.3.1;
						TestTargetID = 376EE1EB2A94B4A9000611A9;
					};
					376EE20B2A94B4A9000611A9 = {
						CreatedOnToolsVersion = 14.3.1;
						TestTargetID = 376EE1EB2A94B4A9000611A9;
					};
				};
			};
			buildConfigurationList = 376EE1E72A94B4A9000611A9 /* Build configuration list for PBXProject "DeskNews" */;
			compatibilityVersion = "Xcode 14.0";
			developmentRegion = en;
			hasScannedForEncodings = 0;
			knownRegions = (
				en,
				Base,
			);
			mainGroup = 376EE1E32A94B4A9000611A9;
			productRefGroup = 376EE1ED2A94B4A9000611A9 /* Products */;
			projectDirPath = "";
			projectRoot = "";
			targets = (
				376EE1EB2A94B4A9000611A9 /* DeskNews */,
				376EE2012A94B4A9000611A9 /* DeskNewsTests */,
				376EE20B2A94B4A9000611A9 /* DeskNewsUITests */,
			);
		};
/* End PBXProject section */

/* Begin PBXResourcesBuildPhase section */
		376EE1EA2A94B4A9000611A9 /* Resources */ = {
			isa = PBXResourcesBuildPhase;
			buildActionMask = 2147483647;
			files = (
				3787E93E2A96065E00592C93 /* NewsOfTheDayFeedTableViewCell.xib in Resources */,
				3769E6702A9F4C600066E4E1 /* SingleNewsCollectionViewCell.xib in Resources */,
				376EE1FC2A94B4A9000611A9 /* LaunchScreen.storyboard in Resources */,
				376EE1F92A94B4A9000611A9 /* Assets.xcassets in Resources */,
				3769E6682A9F48EC0066E4E1 /* TitleTableViewCell.xib in Resources */,
				3769E66C2A9F4B4C0066E4E1 /* LiveNewsContentTableViewCell.xib in Resources */,
				376EE1F72A94B4A9000611A9 /* Main.storyboard in Resources */,
			);
			runOnlyForDeploymentPostprocessing = 0;
		};
		376EE2002A94B4A9000611A9 /* Resources */ = {
			isa = PBXResourcesBuildPhase;
			buildActionMask = 2147483647;
			files = (
			);
			runOnlyForDeploymentPostprocessing = 0;
		};
		376EE20A2A94B4A9000611A9 /* Resources */ = {
			isa = PBXResourcesBuildPhase;
			buildActionMask = 2147483647;
			files = (
			);
			runOnlyForDeploymentPostprocessing = 0;
		};
/* End PBXResourcesBuildPhase section */

/* Begin PBXSourcesBuildPhase section */
		376EE1E82A94B4A9000611A9 /* Sources */ = {
			isa = PBXSourcesBuildPhase;
			buildActionMask = 2147483647;
			files = (
				3715DA892A988697008AFD0F /* APIHandler.swift in Sources */,
				3787E9352A95F98500592C93 /* DashboardModel.swift in Sources */,
				3769E6642A9F36640066E4E1 /* HomeDashboardViewController.swift in Sources */,
				379BBFF32A9779560066788F /* ExtensionConstants.swift in Sources */,
				376EE1F42A94B4A9000611A9 /* ViewController.swift in Sources */,
				376EE1F02A94B4A9000611A9 /* AppDelegate.swift in Sources */,
				3787E9312A95F94100592C93 /* APIConstants.swift in Sources */,
				3787E9332A95F96400592C93 /* DashboardViewModel.swift in Sources */,
				3769E66B2A9F4B4C0066E4E1 /* LiveNewsContentTableViewCell.swift in Sources */,
				37B6A6572A94E3A7007314F7 /* DashboardViewController.swift in Sources */,
				376EE1F22A94B4A9000611A9 /* SceneDelegate.swift in Sources */,
				3769E66F2A9F4C600066E4E1 /* SingleNewsCollectionViewCell.swift in Sources */,
				3769E6672A9F48EC0066E4E1 /* TitleTableViewCell.swift in Sources */,
				3787E93D2A96065E00592C93 /* NewsOfTheDayFeedTableViewCell.swift in Sources */,
				3715DA8B2A98C6A0008AFD0F /* NetworkConnectionHandler.swift in Sources */,
				37B6A6552A94C025007314F7 /* AppConstant.swift in Sources */,
				3715DA872A986AB8008AFD0F /* Utils.swift in Sources */,
			);
			runOnlyForDeploymentPostprocessing = 0;
		};
		376EE1FE2A94B4A9000611A9 /* Sources */ = {
			isa = PBXSourcesBuildPhase;
			buildActionMask = 2147483647;
			files = (
				376EE2072A94B4A9000611A9 /* DeskNewsTests.swift in Sources */,
			);
			runOnlyForDeploymentPostprocessing = 0;
		};
		376EE2082A94B4A9000611A9 /* Sources */ = {
			isa = PBXSourcesBuildPhase;
			buildActionMask = 2147483647;
			files = (
				376EE2132A94B4AA000611A9 /* DeskNewsUITestsLaunchTests.swift in Sources */,
				376EE2112A94B4A9000611A9 /* DeskNewsUITests.swift in Sources */,
			);
			runOnlyForDeploymentPostprocessing = 0;
		};
/* End PBXSourcesBuildPhase section */

/* Begin PBXTargetDependency section */
		376EE2042A94B4A9000611A9 /* PBXTargetDependency */ = {
			isa = PBXTargetDependency;
			target = 376EE1EB2A94B4A9000611A9 /* DeskNews */;
			targetProxy = 376EE2032A94B4A9000611A9 /* PBXContainerItemProxy */;
		};
		376EE20E2A94B4A9000611A9 /* PBXTargetDependency */ = {
			isa = PBXTargetDependency;
			target = 376EE1EB2A94B4A9000611A9 /* DeskNews */;
			targetProxy = 376EE20D2A94B4A9000611A9 /* PBXContainerItemProxy */;
		};
/* End PBXTargetDependency section */

/* Begin PBXVariantGroup section */
		376EE1F52A94B4A9000611A9 /* Main.storyboard */ = {
			isa = PBXVariantGroup;
			children = (
				376EE1F62A94B4A9000611A9 /* Base */,
			);
			name = Main.storyboard;
			sourceTree = "<group>";
		};
		376EE1FA2A94B4A9000611A9 /* LaunchScreen.storyboard */ = {
			isa = PBXVariantGroup;
			children = (
				376EE1FB2A94B4A9000611A9 /* Base */,
			);
			name = LaunchScreen.storyboard;
			sourceTree = "<group>";
		};
/* End PBXVariantGroup section */

/* Begin XCBuildConfiguration section */
		376EE2142A94B4AA000611A9 /* Debug */ = {
			isa = XCBuildConfiguration;
			buildSettings = {
				ALWAYS_SEARCH_USER_PATHS = NO;
				CLANG_ANALYZER_NONNULL = YES;
				CLANG_ANALYZER_NUMBER_OBJECT_CONVERSION = YES_AGGRESSIVE;
				CLANG_CXX_LANGUAGE_STANDARD = "gnu++20";
				CLANG_ENABLE_MODULES = YES;
				CLANG_ENABLE_OBJC_ARC = YES;
				CLANG_ENABLE_OBJC_WEAK = YES;
				CLANG_WARN_BLOCK_CAPTURE_AUTORELEASING = YES;
				CLANG_WARN_BOOL_CONVERSION = YES;
				CLANG_WARN_COMMA = YES;
				CLANG_WARN_CONSTANT_CONVERSION = YES;
				CLANG_WARN_DEPRECATED_OBJC_IMPLEMENTATIONS = YES;
				CLANG_WARN_DIRECT_OBJC_ISA_USAGE = YES_ERROR;
				CLANG_WARN_DOCUMENTATION_COMMENTS = YES;
				CLANG_WARN_EMPTY_BODY = YES;
				CLANG_WARN_ENUM_CONVERSION = YES;
				CLANG_WARN_INFINITE_RECURSION = YES;
				CLANG_WARN_INT_CONVERSION = YES;
				CLANG_WARN_NON_LITERAL_NULL_CONVERSION = YES;
				CLANG_WARN_OBJC_IMPLICIT_RETAIN_SELF = YES;
				CLANG_WARN_OBJC_LITERAL_CONVERSION = YES;
				CLANG_WARN_OBJC_ROOT_CLASS = YES_ERROR;
				CLANG_WARN_QUOTED_INCLUDE_IN_FRAMEWORK_HEADER = YES;
				CLANG_WARN_RANGE_LOOP_ANALYSIS = YES;
				CLANG_WARN_STRICT_PROTOTYPES = YES;
				CLANG_WARN_SUSPICIOUS_MOVE = YES;
				CLANG_WARN_UNGUARDED_AVAILABILITY = YES_AGGRESSIVE;
				CLANG_WARN_UNREACHABLE_CODE = YES;
				CLANG_WARN__DUPLICATE_METHOD_MATCH = YES;
				COPY_PHASE_STRIP = NO;
				DEBUG_INFORMATION_FORMAT = dwarf;
				ENABLE_STRICT_OBJC_MSGSEND = YES;
				ENABLE_TESTABILITY = YES;
				GCC_C_LANGUAGE_STANDARD = gnu11;
				GCC_DYNAMIC_NO_PIC = NO;
				GCC_NO_COMMON_BLOCKS = YES;
				GCC_OPTIMIZATION_LEVEL = 0;
				GCC_PREPROCESSOR_DEFINITIONS = (
					"DEBUG=1",
					"$(inherited)",
				);
				GCC_WARN_64_TO_32_BIT_CONVERSION = YES;
				GCC_WARN_ABOUT_RETURN_TYPE = YES_ERROR;
				GCC_WARN_UNDECLARED_SELECTOR = YES;
				GCC_WARN_UNINITIALIZED_AUTOS = YES_AGGRESSIVE;
				GCC_WARN_UNUSED_FUNCTION = YES;
				GCC_WARN_UNUSED_VARIABLE = YES;
				IPHONEOS_DEPLOYMENT_TARGET = 16.4;
				MTL_ENABLE_DEBUG_INFO = INCLUDE_SOURCE;
				MTL_FAST_MATH = YES;
				ONLY_ACTIVE_ARCH = YES;
				SDKROOT = iphoneos;
				SWIFT_ACTIVE_COMPILATION_CONDITIONS = DEBUG;
				SWIFT_OPTIMIZATION_LEVEL = "-Onone";
			};
			name = Debug;
		};
		376EE2152A94B4AA000611A9 /* Release */ = {
			isa = XCBuildConfiguration;
			buildSettings = {
				ALWAYS_SEARCH_USER_PATHS = NO;
				CLANG_ANALYZER_NONNULL = YES;
				CLANG_ANALYZER_NUMBER_OBJECT_CONVERSION = YES_AGGRESSIVE;
				CLANG_CXX_LANGUAGE_STANDARD = "gnu++20";
				CLANG_ENABLE_MODULES = YES;
				CLANG_ENABLE_OBJC_ARC = YES;
				CLANG_ENABLE_OBJC_WEAK = YES;
				CLANG_WARN_BLOCK_CAPTURE_AUTORELEASING = YES;
				CLANG_WARN_BOOL_CONVERSION = YES;
				CLANG_WARN_COMMA = YES;
				CLANG_WARN_CONSTANT_CONVERSION = YES;
				CLANG_WARN_DEPRECATED_OBJC_IMPLEMENTATIONS = YES;
				CLANG_WARN_DIRECT_OBJC_ISA_USAGE = YES_ERROR;
				CLANG_WARN_DOCUMENTATION_COMMENTS = YES;
				CLANG_WARN_EMPTY_BODY = YES;
				CLANG_WARN_ENUM_CONVERSION = YES;
				CLANG_WARN_INFINITE_RECURSION = YES;
				CLANG_WARN_INT_CONVERSION = YES;
				CLANG_WARN_NON_LITERAL_NULL_CONVERSION = YES;
				CLANG_WARN_OBJC_IMPLICIT_RETAIN_SELF = YES;
				CLANG_WARN_OBJC_LITERAL_CONVERSION = YES;
				CLANG_WARN_OBJC_ROOT_CLASS = YES_ERROR;
				CLANG_WARN_QUOTED_INCLUDE_IN_FRAMEWORK_HEADER = YES;
				CLANG_WARN_RANGE_LOOP_ANALYSIS = YES;
				CLANG_WARN_STRICT_PROTOTYPES = YES;
				CLANG_WARN_SUSPICIOUS_MOVE = YES;
				CLANG_WARN_UNGUARDED_AVAILABILITY = YES_AGGRESSIVE;
				CLANG_WARN_UNREACHABLE_CODE = YES;
				CLANG_WARN__DUPLICATE_METHOD_MATCH = YES;
				COPY_PHASE_STRIP = NO;
				DEBUG_INFORMATION_FORMAT = "dwarf-with-dsym";
				ENABLE_NS_ASSERTIONS = NO;
				ENABLE_STRICT_OBJC_MSGSEND = YES;
				GCC_C_LANGUAGE_STANDARD = gnu11;
				GCC_NO_COMMON_BLOCKS = YES;
				GCC_WARN_64_TO_32_BIT_CONVERSION = YES;
				GCC_WARN_ABOUT_RETURN_TYPE = YES_ERROR;
				GCC_WARN_UNDECLARED_SELECTOR = YES;
				GCC_WARN_UNINITIALIZED_AUTOS = YES_AGGRESSIVE;
				GCC_WARN_UNUSED_FUNCTION = YES;
				GCC_WARN_UNUSED_VARIABLE = YES;
				IPHONEOS_DEPLOYMENT_TARGET = 16.4;
				MTL_ENABLE_DEBUG_INFO = NO;
				MTL_FAST_MATH = YES;
				SDKROOT = iphoneos;
				SWIFT_COMPILATION_MODE = wholemodule;
				SWIFT_OPTIMIZATION_LEVEL = "-O";
				VALIDATE_PRODUCT = YES;
			};
			name = Release;
		};
		376EE2172A94B4AA000611A9 /* Debug */ = {
			isa = XCBuildConfiguration;
			buildSettings = {
				ASSETCATALOG_COMPILER_APPICON_NAME = AppIcon;
				ASSETCATALOG_COMPILER_GLOBAL_ACCENT_COLOR_NAME = AccentColor;
				CODE_SIGN_STYLE = Automatic;
				CURRENT_PROJECT_VERSION = 1;
				DEVELOPMENT_TEAM = S9H8WZG98K;
				GENERATE_INFOPLIST_FILE = YES;
				INFOPLIST_FILE = DeskNews/Info.plist;
				INFOPLIST_KEY_UIApplicationSupportsIndirectInputEvents = YES;
				INFOPLIST_KEY_UILaunchStoryboardName = LaunchScreen;
				INFOPLIST_KEY_UIMainStoryboardFile = Main;
				INFOPLIST_KEY_UISupportedInterfaceOrientations_iPad = "UIInterfaceOrientationPortrait UIInterfaceOrientationPortraitUpsideDown UIInterfaceOrientationLandscapeLeft UIInterfaceOrientationLandscapeRight";
				INFOPLIST_KEY_UISupportedInterfaceOrientations_iPhone = "UIInterfaceOrientationPortrait UIInterfaceOrientationLandscapeLeft UIInterfaceOrientationLandscapeRight";
				LD_RUNPATH_SEARCH_PATHS = (
					"$(inherited)",
					"@executable_path/Frameworks",
				);
				MARKETING_VERSION = 1.0;
				PRODUCT_BUNDLE_IDENTIFIER = "Keerthika-Chokkalingam.DeskNews";
				PRODUCT_NAME = "$(TARGET_NAME)";
				SWIFT_EMIT_LOC_STRINGS = YES;
				SWIFT_VERSION = 5.0;
				TARGETED_DEVICE_FAMILY = "1,2";
			};
			name = Debug;
		};
		376EE2182A94B4AA000611A9 /* Release */ = {
			isa = XCBuildConfiguration;
			buildSettings = {
				ASSETCATALOG_COMPILER_APPICON_NAME = AppIcon;
				ASSETCATALOG_COMPILER_GLOBAL_ACCENT_COLOR_NAME = AccentColor;
				CODE_SIGN_STYLE = Automatic;
				CURRENT_PROJECT_VERSION = 1;
				DEVELOPMENT_TEAM = S9H8WZG98K;
				GENERATE_INFOPLIST_FILE = YES;
				INFOPLIST_FILE = DeskNews/Info.plist;
				INFOPLIST_KEY_UIApplicationSupportsIndirectInputEvents = YES;
				INFOPLIST_KEY_UILaunchStoryboardName = LaunchScreen;
				INFOPLIST_KEY_UIMainStoryboardFile = Main;
				INFOPLIST_KEY_UISupportedInterfaceOrientations_iPad = "UIInterfaceOrientationPortrait UIInterfaceOrientationPortraitUpsideDown UIInterfaceOrientationLandscapeLeft UIInterfaceOrientationLandscapeRight";
				INFOPLIST_KEY_UISupportedInterfaceOrientations_iPhone = "UIInterfaceOrientationPortrait UIInterfaceOrientationLandscapeLeft UIInterfaceOrientationLandscapeRight";
				LD_RUNPATH_SEARCH_PATHS = (
					"$(inherited)",
					"@executable_path/Frameworks",
				);
				MARKETING_VERSION = 1.0;
				PRODUCT_BUNDLE_IDENTIFIER = "Keerthika-Chokkalingam.DeskNews";
				PRODUCT_NAME = "$(TARGET_NAME)";
				SWIFT_EMIT_LOC_STRINGS = YES;
				SWIFT_VERSION = 5.0;
				TARGETED_DEVICE_FAMILY = "1,2";
			};
			name = Release;
		};
		376EE21A2A94B4AA000611A9 /* Debug */ = {
			isa = XCBuildConfiguration;
			buildSettings = {
				ALWAYS_EMBED_SWIFT_STANDARD_LIBRARIES = YES;
				BUNDLE_LOADER = "$(TEST_HOST)";
				CODE_SIGN_STYLE = Automatic;
				CURRENT_PROJECT_VERSION = 1;
				DEVELOPMENT_TEAM = S9H8WZG98K;
				GENERATE_INFOPLIST_FILE = YES;
				IPHONEOS_DEPLOYMENT_TARGET = 16.4;
				MARKETING_VERSION = 1.0;
				PRODUCT_BUNDLE_IDENTIFIER = "Keerthika-Chokkalingam.DeskNewsTests";
				PRODUCT_NAME = "$(TARGET_NAME)";
				SWIFT_EMIT_LOC_STRINGS = NO;
				SWIFT_VERSION = 5.0;
				TARGETED_DEVICE_FAMILY = "1,2";
				TEST_HOST = "$(BUILT_PRODUCTS_DIR)/DeskNews.app/$(BUNDLE_EXECUTABLE_FOLDER_PATH)/DeskNews";
			};
			name = Debug;
		};
		376EE21B2A94B4AA000611A9 /* Release */ = {
			isa = XCBuildConfiguration;
			buildSettings = {
				ALWAYS_EMBED_SWIFT_STANDARD_LIBRARIES = YES;
				BUNDLE_LOADER = "$(TEST_HOST)";
				CODE_SIGN_STYLE = Automatic;
				CURRENT_PROJECT_VERSION = 1;
				DEVELOPMENT_TEAM = S9H8WZG98K;
				GENERATE_INFOPLIST_FILE = YES;
				IPHONEOS_DEPLOYMENT_TARGET = 16.4;
				MARKETING_VERSION = 1.0;
				PRODUCT_BUNDLE_IDENTIFIER = "Keerthika-Chokkalingam.DeskNewsTests";
				PRODUCT_NAME = "$(TARGET_NAME)";
				SWIFT_EMIT_LOC_STRINGS = NO;
				SWIFT_VERSION = 5.0;
				TARGETED_DEVICE_FAMILY = "1,2";
				TEST_HOST = "$(BUILT_PRODUCTS_DIR)/DeskNews.app/$(BUNDLE_EXECUTABLE_FOLDER_PATH)/DeskNews";
			};
			name = Release;
		};
		376EE21D2A94B4AA000611A9 /* Debug */ = {
			isa = XCBuildConfiguration;
			buildSettings = {
				ALWAYS_EMBED_SWIFT_STANDARD_LIBRARIES = YES;
				CODE_SIGN_STYLE = Automatic;
				CURRENT_PROJECT_VERSION = 1;
				DEVELOPMENT_TEAM = S9H8WZG98K;
				GENERATE_INFOPLIST_FILE = YES;
				MARKETING_VERSION = 1.0;
				PRODUCT_BUNDLE_IDENTIFIER = "Keerthika-Chokkalingam.DeskNewsUITests";
				PRODUCT_NAME = "$(TARGET_NAME)";
				SWIFT_EMIT_LOC_STRINGS = NO;
				SWIFT_VERSION = 5.0;
				TARGETED_DEVICE_FAMILY = "1,2";
				TEST_TARGET_NAME = DeskNews;
			};
			name = Debug;
		};
		376EE21E2A94B4AA000611A9 /* Release */ = {
			isa = XCBuildConfiguration;
			buildSettings = {
				ALWAYS_EMBED_SWIFT_STANDARD_LIBRARIES = YES;
				CODE_SIGN_STYLE = Automatic;
				CURRENT_PROJECT_VERSION = 1;
				DEVELOPMENT_TEAM = S9H8WZG98K;
				GENERATE_INFOPLIST_FILE = YES;
				MARKETING_VERSION = 1.0;
				PRODUCT_BUNDLE_IDENTIFIER = "Keerthika-Chokkalingam.DeskNewsUITests";
				PRODUCT_NAME = "$(TARGET_NAME)";
				SWIFT_EMIT_LOC_STRINGS = NO;
				SWIFT_VERSION = 5.0;
				TARGETED_DEVICE_FAMILY = "1,2";
				TEST_TARGET_NAME = DeskNews;
			};
			name = Release;
		};
/* End XCBuildConfiguration section */

/* Begin XCConfigurationList section */
		376EE1E72A94B4A9000611A9 /* Build configuration list for PBXProject "DeskNews" */ = {
			isa = XCConfigurationList;
			buildConfigurations = (
				376EE2142A94B4AA000611A9 /* Debug */,
				376EE2152A94B4AA000611A9 /* Release */,
			);
			defaultConfigurationIsVisible = 0;
			defaultConfigurationName = Release;
		};
		376EE2162A94B4AA000611A9 /* Build configuration list for PBXNativeTarget "DeskNews" */ = {
			isa = XCConfigurationList;
			buildConfigurations = (
				376EE2172A94B4AA000611A9 /* Debug */,
				376EE2182A94B4AA000611A9 /* Release */,
			);
			defaultConfigurationIsVisible = 0;
			defaultConfigurationName = Release;
		};
		376EE2192A94B4AA000611A9 /* Build configuration list for PBXNativeTarget "DeskNewsTests" */ = {
			isa = XCConfigurationList;
			buildConfigurations = (
				376EE21A2A94B4AA000611A9 /* Debug */,
				376EE21B2A94B4AA000611A9 /* Release */,
			);
			defaultConfigurationIsVisible = 0;
			defaultConfigurationName = Release;
		};
		376EE21C2A94B4AA000611A9 /* Build configuration list for PBXNativeTarget "DeskNewsUITests" */ = {
			isa = XCConfigurationList;
			buildConfigurations = (
				376EE21D2A94B4AA000611A9 /* Debug */,
				376EE21E2A94B4AA000611A9 /* Release */,
			);
			defaultConfigurationIsVisible = 0;
			defaultConfigurationName = Release;
		};
/* End XCConfigurationList section */
	};
	rootObject = 376EE1E42A94B4A9000611A9 /* Project object */;
}
